
Microsoft Visual Studio Solution File, Format Version 12.00
# Visual Studio Version 17
VisualStudioVersion = 17.9.34622.214
MinimumVisualStudioVersion = 10.0.40219.1
Project("{9A19103F-16F7-4668-BE54-9A1E7A4F7556}") = "PetHospital.Domain", "PetHospital.Domain\PetHospital.Domain.csproj", "{FCBCBEBE-355A-4845-8020-401711D53431}"
EndProject
Project("{9A19103F-16F7-4668-BE54-9A1E7A4F7556}") = "PetHospital.Infrastructure", "PetHospital.Infrastructure\PetHospital.Infrastructure.csproj", "{013D955D-4421-421D-9AFB-E0F89ED63A31}"
EndProject
Project("{9A19103F-16F7-4668-BE54-9A1E7A4F7556}") = "PetHospital.Application", "PetHopital.Application\PetHospital.Application.csproj", "{323524C6-4449-4DBE-911C-14A60C497E3C}"
EndProject
Project("{9A19103F-16F7-4668-BE54-9A1E7A4F7556}") = "PetHospital.API", "PetHospital.API\PetHospital.API.csproj", "{FEEBA21D-92D3-4154-9355-22C7018FB866}"
EndProject
Project("{9A19103F-16F7-4668-BE54-9A1E7A4F7556}") = "PetHospital.Web", "PetHospitals.Web\PetHospital.Web.csproj", "{15C5E5E2-8124-4ACA-85C3-582D4901C112}"
EndProject
Global
	GlobalSection(SolutionConfigurationPlatforms) = preSolution
		Debug|Any CPU = Debug|Any CPU
		Release|Any CPU = Release|Any CPU
	EndGlobalSection
	GlobalSection(ProjectConfigurationPlatforms) = postSolution
		{FCBCBEBE-355A-4845-8020-401711D53431}.Debug|Any CPU.ActiveCfg = Debug|Any CPU
		{FCBCBEBE-355A-4845-8020-401711D53431}.Debug|Any CPU.Build.0 = Debug|Any CPU
		{FCBCBEBE-355A-4845-8020-401711D53431}.Release|Any CPU.ActiveCfg = Release|Any CPU
		{FCBCBEBE-355A-4845-8020-401711D53431}.Release|Any CPU.Build.0 = Release|Any CPU
		{013D955D-4421-421D-9AFB-E0F89ED63A31}.Debug|Any CPU.ActiveCfg = Debug|Any CPU
		{013D955D-4421-421D-9AFB-E0F89ED63A31}.Debug|Any CPU.Build.0 = Debug|Any CPU
		{013D955D-4421-421D-9AFB-E0F89ED63A31}.Release|Any CPU.ActiveCfg = Release|Any CPU
		{013D955D-4421-421D-9AFB-E0F89ED63A31}.Release|Any CPU.Build.0 = Release|Any CPU
		{323524C6-4449-4DBE-911C-14A60C497E3C}.Debug|Any CPU.ActiveCfg = Debug|Any CPU
		{323524C6-4449-4DBE-911C-14A60C497E3C}.Debug|Any CPU.Build.0 = Debug|Any CPU
		{323524C6-4449-4DBE-911C-14A60C497E3C}.Release|Any CPU.ActiveCfg = Release|Any CPU
		{323524C6-4449-4DBE-911C-14A60C497E3C}.Release|Any CPU.Build.0 = Release|Any CPU
		{FEEBA21D-92D3-4154-9355-22C7018FB866}.Debug|Any CPU.ActiveCfg = Debug|Any CPU
		{FEEBA21D-92D3-4154-9355-22C7018FB866}.Debug|Any CPU.Build.0 = Debug|Any CPU
		{FEEBA21D-92D3-4154-9355-22C7018FB866}.Release|Any CPU.ActiveCfg = Release|Any CPU
		{FEEBA21D-92D3-4154-9355-22C7018FB866}.Release|Any CPU.Build.0 = Release|Any CPU
		{15C5E5E2-8124-4ACA-85C3-582D4901C112}.Debug|Any CPU.ActiveCfg = Debug|Any CPU
		{15C5E5E2-8124-4ACA-85C3-582D4901C112}.Debug|Any CPU.Build.0 = Debug|Any CPU
		{15C5E5E2-8124-4ACA-85C3-582D4901C112}.Release|Any CPU.ActiveCfg = Release|Any CPU
		{15C5E5E2-8124-4ACA-85C3-582D4901C112}.Release|Any CPU.Build.0 = Release|Any CPU
	EndGlobalSection
	GlobalSection(SolutionProperties) = preSolution
		HideSolutionNode = FALSE
	EndGlobalSection
	GlobalSection(ExtensibilityGlobals) = postSolution
		SolutionGuid = {5BAD4313-98A0-442F-8871-B4E1B89F3B19}
	EndGlobalSection
EndGlobal
